
Microsoft Visual Studio Solution File, Format Version 12.00
# Visual Studio Version 16
VisualStudioVersion = 16.0.34031.81
MinimumVisualStudioVersion = 10.0.40219.1
Project("{FAE04EC0-301F-11D3-BF4B-00C04F79EFBC}") = "CompanyService", "CompanyService.csproj", "{58B3B87F-637B-4C76-BE3C-5F4E058BA4EE}"
EndProject
Project("{FAE04EC0-301F-11D3-BF4B-00C04F79EFBC}") = "CompanyServiceHost", "CompanyServiceHost\CompanyServiceHost.csproj", "{FDCD7953-D75B-49ED-96FA-C5DD406EC4E8}"
EndProject
Global
	GlobalSection(SolutionConfigurationPlatforms) = preSolution
		Debug|Any CPU = Debug|Any CPU
		Release|Any CPU = Release|Any CPU
	EndGlobalSection
	GlobalSection(ProjectConfigurationPlatforms) = postSolution
		{58B3B87F-637B-4C76-BE3C-5F4E058BA4EE}.Debug|Any CPU.ActiveCfg = Debug|Any CPU
		{58B3B87F-637B-4C76-BE3C-5F4E058BA4EE}.Debug|Any CPU.Build.0 = Debug|Any CPU
		{58B3B87F-637B-4C76-BE3C-5F4E058BA4EE}.Release|Any CPU.ActiveCfg = Release|Any CPU
		{58B3B87F-637B-4C76-BE3C-5F4E058BA4EE}.Release|Any CPU.Build.0 = Release|Any CPU
		{FDCD7953-D75B-49ED-96FA-C5DD406EC4E8}.Debug|Any CPU.ActiveCfg = Debug|Any CPU
		{FDCD7953-D75B-49ED-96FA-C5DD406EC4E8}.Debug|Any CPU.Build.0 = Debug|Any CPU
		{FDCD7953-D75B-49ED-96FA-C5DD406EC4E8}.Release|Any CPU.ActiveCfg = Release|Any CPU
		{FDCD7953-D75B-49ED-96FA-C5DD406EC4E8}.Release|Any CPU.Build.0 = Release|Any CPU
	EndGlobalSection
	GlobalSection(SolutionProperties) = preSolution
		HideSolutionNode = FALSE
	EndGlobalSection
	GlobalSection(ExtensibilityGlobals) = postSolution
		SolutionGuid = {72FC811C-14C8-4EE8-B1B4-5E1376DDE069}
	EndGlobalSection
EndGlobal
